DEPENDENCIES
  elk
    path: .
    metadata: true

GRAPH
  7-zip (1.0.2)
    windows (>= 1.2.2)
  ant (1.0.2)
    ark (>= 0.0.0)
    java (>= 0.0.0)
  apt (2.6.1)
  ark (0.9.0)
    7-zip (>= 0.0.0)
    windows (>= 0.0.0)
  beaver (1.5.0)
    apt (>= 0.0.0)
    python (>= 0.0.0)
  build-essential (2.2.3)
  chamber-kibana (0.2.1)
    apt (~> 2.6.0)
    ark (~> 0.9)
    chef-sugar (~> 2.4)
    elasticsearch (~> 0.3.10)
    java (~> 1.29)
    line (~> 0.5)
  chef-sugar (2.5.0)
  chef_handler (1.2.0)
  curl (2.0.1)
  dmg (2.2.2)
  elasticsearch (0.3.14)
    ark (>= 0.2.4)
  elk (0.0.4)
    apt (= 2.6.1)
    chamber-kibana (= 0.2.1)
    elasticsearch (>= 0.0.0)
    java (= 1.31.0)
    logstash (= 0.11.4)
  git (4.3.0)
    build-essential (>= 0.0.0)
    dmg (>= 0.0.0)
    windows (>= 0.0.0)
    yum-epel (>= 0.0.0)
  java (1.31.0)
  line (0.6.2)
  logrotate (1.9.2)
  logstash (0.11.4)
    ant (>= 0.0.0)
    apt (>= 0.0.0)
    ark (>= 0.0.0)
    beaver (>= 0.0.0)
    build-essential (>= 0.0.0)
    curl (>= 0.0.0)
    elasticsearch (>= 0.0.0)
    git (>= 0.0.0)
    java (>= 0.0.0)
    logrotate (>= 0.0.0)
    python (>= 0.0.0)
    runit (>= 0.0.0)
  packagecloud (0.0.19)
  python (1.4.6)
    build-essential (>= 0.0.0)
    yum-epel (>= 0.0.0)
  runit (1.7.2)
    packagecloud (>= 0.0.0)
  windows (1.37.0)
    chef_handler (>= 0.0.0)
  yum (3.6.3)
  yum-epel (0.6.2)
    yum (~> 3.2)
