DEPENDENCIES
  filebeat
    path: .
    metadata: true
  powershell (>= 3.1.0)

GRAPH
  apt (2.9.2)
  chef_handler (1.2.0)
  filebeat (0.3.1)
    apt (>= 0.0.0)
    powershell (>= 0.0.0)
    windows (>= 0.0.0)
    yum (>= 0.0.0)
  ms_dotnet2 (1.0.0)
    windows (>= 0.0.0)
  ms_dotnet4 (1.0.2)
    windows (>= 0.0.0)
  ms_dotnet45 (2.0.0)
    windows (>= 0.0.0)
  powershell (3.1.0)
    chef_handler (>= 0.0.0)
    ms_dotnet2 (>= 0.0.0)
    ms_dotnet4 (>= 0.0.0)
    ms_dotnet45 (>= 0.0.0)
    windows (>= 1.2.8)
  windows (1.38.4)
    chef_handler (>= 0.0.0)
  yum (3.8.2)
